
Microsoft Visual Studio Solution File, Format Version 12.00
# Visual Studio Version 17
VisualStudioVersion = 17.1.32210.238
MinimumVisualStudioVersion = 10.0.40219.1
Project("{FAE04EC0-301F-11D3-BF4B-00C04F79EFBC}") = "Vtitbid.ISP20.Eremenko.Price", "Vtitbid.ISP20.Eremenko.Price.csproj", "{844DB67B-A550-4CA8-AC8E-1A9BDA1289C3}"
EndProject
Global
	GlobalSection(SolutionConfigurationPlatforms) = preSolution
		Debug|Any CPU = Debug|Any CPU
		Release|Any CPU = Release|Any CPU
	EndGlobalSection
	GlobalSection(ProjectConfigurationPlatforms) = postSolution
		{844DB67B-A550-4CA8-AC8E-1A9BDA1289C3}.Debug|Any CPU.ActiveCfg = Debug|Any CPU
		{844DB67B-A550-4CA8-AC8E-1A9BDA1289C3}.Debug|Any CPU.Build.0 = Debug|Any CPU
		{844DB67B-A550-4CA8-AC8E-1A9BDA1289C3}.Release|Any CPU.ActiveCfg = Release|Any CPU
		{844DB67B-A550-4CA8-AC8E-1A9BDA1289C3}.Release|Any CPU.Build.0 = Release|Any CPU
	EndGlobalSection
	GlobalSection(SolutionProperties) = preSolution
		HideSolutionNode = FALSE
	EndGlobalSection
	GlobalSection(ExtensibilityGlobals) = postSolution
		SolutionGuid = {19D84D0D-8D07-4FC4-BE84-2F7D1319C924}
	EndGlobalSection
EndGlobal
